
Microsoft Visual Studio Solution File, Format Version 12.00
# Visual Studio Version 16
VisualStudioVersion = 16.0.31229.75
MinimumVisualStudioVersion = 10.0.40219.1
Project("{888888A0-9F3D-457C-B088-3A5042F75D52}") = "LinkedInLocations", "LinkedInLocations\LinkedInLocations.pyproj", "{58EB77AD-EA95-4635-B35F-0BF24A54D4CA}"
EndProject
Global
	GlobalSection(SolutionConfigurationPlatforms) = preSolution
		Debug|Any CPU = Debug|Any CPU
		Release|Any CPU = Release|Any CPU
	EndGlobalSection
	GlobalSection(ProjectConfigurationPlatforms) = postSolution
		{58EB77AD-EA95-4635-B35F-0BF24A54D4CA}.Debug|Any CPU.ActiveCfg = Debug|Any CPU
		{58EB77AD-EA95-4635-B35F-0BF24A54D4CA}.Release|Any CPU.ActiveCfg = Release|Any CPU
	EndGlobalSection
	GlobalSection(SolutionProperties) = preSolution
		HideSolutionNode = FALSE
	EndGlobalSection
	GlobalSection(ExtensibilityGlobals) = postSolution
		SolutionGuid = {DE4CA20E-6278-4A27-953C-9B0DFAC3C1B2}
	EndGlobalSection
EndGlobal
